
Microsoft Visual Studio Solution File, Format Version 12.00
# Visual Studio Version 17
VisualStudioVersion = 17.6.33723.286
MinimumVisualStudioVersion = 10.0.40219.1
Project("{FAE04EC0-301F-11D3-BF4B-00C04F79EFBC}") = "FizzBuzz", "FizzBuzz\FizzBuzz.csproj", "{BCF56BB7-4338-49B6-A53B-664CD224B9CF}"
EndProject
Global
	GlobalSection(SolutionConfigurationPlatforms) = preSolution
		Debug|Any CPU = Debug|Any CPU
		Release|Any CPU = Release|Any CPU
	EndGlobalSection
	GlobalSection(ProjectConfigurationPlatforms) = postSolution
		{BCF56BB7-4338-49B6-A53B-664CD224B9CF}.Debug|Any CPU.ActiveCfg = Debug|Any CPU
		{BCF56BB7-4338-49B6-A53B-664CD224B9CF}.Debug|Any CPU.Build.0 = Debug|Any CPU
		{BCF56BB7-4338-49B6-A53B-664CD224B9CF}.Release|Any CPU.ActiveCfg = Release|Any CPU
		{BCF56BB7-4338-49B6-A53B-664CD224B9CF}.Release|Any CPU.Build.0 = Release|Any CPU
	EndGlobalSection
	GlobalSection(SolutionProperties) = preSolution
		HideSolutionNode = FALSE
	EndGlobalSection
	GlobalSection(ExtensibilityGlobals) = postSolution
		SolutionGuid = {FB3DE50D-2237-4C73-B895-BA338897CDAC}
	EndGlobalSection
EndGlobal
